
Microsoft Visual Studio Solution File, Format Version 12.00
# Visual Studio Version 17
VisualStudioVersion = 17.9.34902.65
MinimumVisualStudioVersion = 10.0.40219.1
Project("{FAE04EC0-301F-11D3-BF4B-00C04F79EFBC}") = "ParallelMatrixMultiplication", "ParallelMatrixMultiplication.csproj", "{BFCB5A5A-9471-426A-9186-A3CE6B260FD0}"
EndProject
Global
	GlobalSection(SolutionConfigurationPlatforms) = preSolution
		Debug|Any CPU = Debug|Any CPU
		Release|Any CPU = Release|Any CPU
	EndGlobalSection
	GlobalSection(ProjectConfigurationPlatforms) = postSolution
		{BFCB5A5A-9471-426A-9186-A3CE6B260FD0}.Debug|Any CPU.ActiveCfg = Debug|Any CPU
		{BFCB5A5A-9471-426A-9186-A3CE6B260FD0}.Debug|Any CPU.Build.0 = Debug|Any CPU
		{BFCB5A5A-9471-426A-9186-A3CE6B260FD0}.Release|Any CPU.ActiveCfg = Release|Any CPU
		{BFCB5A5A-9471-426A-9186-A3CE6B260FD0}.Release|Any CPU.Build.0 = Release|Any CPU
	EndGlobalSection
	GlobalSection(SolutionProperties) = preSolution
		HideSolutionNode = FALSE
	EndGlobalSection
	GlobalSection(ExtensibilityGlobals) = postSolution
		SolutionGuid = {B5B8D1A9-B9DA-424A-A0FE-5AE8AD0E3F85}
	EndGlobalSection
EndGlobal
